// !$*UTF8*$!
{
	archiveVersion = 1;
	classes = {
	};
	objectVersion = 55;
	objects = {

/* Begin PBXBuildFile section */
		5C4D52E327FEFEB20050075A /* TagFlowLayout.swift in Sources */ = {isa = PBXBuildFile; fileRef = 5C4D52E227FEFEB20050075A /* TagFlowLayout.swift */; };
		5C4D52E727FF0E4B0050075A /* Extension + UIView.swift in Sources */ = {isa = PBXBuildFile; fileRef = 5C4D52E627FF0E4B0050075A /* Extension + UIView.swift */; };
		5C4D52F028006A520050075A /* StartViewModelTests.swift in Sources */ = {isa = PBXBuildFile; fileRef = 5C4D52EF28006A520050075A /* StartViewModelTests.swift */; };
		5C4D52F72800838B0050075A /* Extension + UIViewController.swift in Sources */ = {isa = PBXBuildFile; fileRef = 5C4D52F62800838B0050075A /* Extension + UIViewController.swift */; };
		5C60CE9327F47B990007774A /* AppDelegate.swift in Sources */ = {isa = PBXBuildFile; fileRef = 5C60CE9227F47B990007774A /* AppDelegate.swift */; };
		5C60CE9527F47B990007774A /* SceneDelegate.swift in Sources */ = {isa = PBXBuildFile; fileRef = 5C60CE9427F47B990007774A /* SceneDelegate.swift */; };
		5C60CE9727F47B990007774A /* StartViewController.swift in Sources */ = {isa = PBXBuildFile; fileRef = 5C60CE9627F47B990007774A /* StartViewController.swift */; };
		5C60CE9C27F47B9A0007774A /* Assets.xcassets in Resources */ = {isa = PBXBuildFile; fileRef = 5C60CE9B27F47B9A0007774A /* Assets.xcassets */; };
		5C60CEAB27F47F0D0007774A /* SnapKit in Frameworks */ = {isa = PBXBuildFile; productRef = 5C60CEAA27F47F0D0007774A /* SnapKit */; };
		5C60CEAD27F4B7FB0007774A /* CloudCell.swift in Sources */ = {isa = PBXBuildFile; fileRef = 5C60CEAC27F4B7FB0007774A /* CloudCell.swift */; };
		5C60CEAF27F4C4CF0007774A /* NetworkManager.swift in Sources */ = {isa = PBXBuildFile; fileRef = 5C60CEAE27F4C4CF0007774A /* NetworkManager.swift */; };
		5C60CEB227F4C7060007774A /* Alamofire in Frameworks */ = {isa = PBXBuildFile; productRef = 5C60CEB127F4C7060007774A /* Alamofire */; };
		5C60CEB527F4CAFF0007774A /* Cocktail.swift in Sources */ = {isa = PBXBuildFile; fileRef = 5C60CEB427F4CAFF0007774A /* Cocktail.swift */; };
		5C60CEB927F598170007774A /* CloudCellViewModel.swift in Sources */ = {isa = PBXBuildFile; fileRef = 5C60CEB827F598170007774A /* CloudCellViewModel.swift */; };
		5C60CEBB27F5A1DE0007774A /* StartViewControllerViewModel.swift in Sources */ = {isa = PBXBuildFile; fileRef = 5C60CEBA27F5A1DE0007774A /* StartViewControllerViewModel.swift */; };
		5CBA78EB27FC8B8600D8173E /* CustomTextField.swift in Sources */ = {isa = PBXBuildFile; fileRef = 5CBA78EA27FC8B8600D8173E /* CustomTextField.swift */; };
/* End PBXBuildFile section */

/* Begin PBXContainerItemProxy section */
		5C4D52F128006A520050075A /* PBXContainerItemProxy */ = {
			isa = PBXContainerItemProxy;
			containerPortal = 5C60CE8727F47B990007774A /* Project object */;
			proxyType = 1;
			remoteGlobalIDString = 5C60CE8E27F47B990007774A;
			remoteInfo = CocktailsApp;
		};
/* End PBXContainerItemProxy section */

/* Begin PBXFileReference section */
		5C4D52E227FEFEB20050075A /* TagFlowLayout.swift */ = {isa = PBXFileReference; lastKnownFileType = sourcecode.swift; path = TagFlowLayout.swift; sourceTree = "<group>"; };
		5C4D52E627FF0E4B0050075A /* Extension + UIView.swift */ = {isa = PBXFileReference; lastKnownFileType = sourcecode.swift; path = "Extension + UIView.swift"; sourceTree = "<group>"; };
		5C4D52ED28006A520050075A /* CocktailsAppTests.xctest */ = {isa = PBXFileReference; explicitFileType = wrapper.cfbundle; includeInIndex = 0; path = CocktailsAppTests.xctest; sourceTree = BUILT_PRODUCTS_DIR; };
		5C4D52EF28006A520050075A /* StartViewModelTests.swift */ = {isa = PBXFileReference; lastKnownFileType = sourcecode.swift; path = StartViewModelTests.swift; sourceTree = "<group>"; };
		5C4D52F62800838B0050075A /* Extension + UIViewController.swift */ = {isa = PBXFileReference; lastKnownFileType = sourcecode.swift; path = "Extension + UIViewController.swift"; sourceTree = "<group>"; };
		5C60CE8F27F47B990007774A /* CocktailsApp.app */ = {isa = PBXFileReference; explicitFileType = wrapper.application; includeInIndex = 0; path = CocktailsApp.app; sourceTree = BUILT_PRODUCTS_DIR; };
		5C60CE9227F47B990007774A /* AppDelegate.swift */ = {isa = PBXFileReference; lastKnownFileType = sourcecode.swift; path = AppDelegate.swift; sourceTree = "<group>"; };
		5C60CE9427F47B990007774A /* SceneDelegate.swift */ = {isa = PBXFileReference; lastKnownFileType = sourcecode.swift; path = SceneDelegate.swift; sourceTree = "<group>"; };
		5C60CE9627F47B990007774A /* StartViewController.swift */ = {isa = PBXFileReference; lastKnownFileType = sourcecode.swift; path = StartViewController.swift; sourceTree = "<group>"; };
		5C60CE9B27F47B9A0007774A /* Assets.xcassets */ = {isa = PBXFileReference; lastKnownFileType = folder.assetcatalog; path = Assets.xcassets; sourceTree = "<group>"; };
		5C60CEA027F47B9A0007774A /* Info.plist */ = {isa = PBXFileReference; lastKnownFileType = text.plist.xml; path = Info.plist; sourceTree = "<group>"; };
		5C60CEAC27F4B7FB0007774A /* CloudCell.swift */ = {isa = PBXFileReference; lastKnownFileType = sourcecode.swift; path = CloudCell.swift; sourceTree = "<group>"; };
		5C60CEAE27F4C4CF0007774A /* NetworkManager.swift */ = {isa = PBXFileReference; lastKnownFileType = sourcecode.swift; path = NetworkManager.swift; sourceTree = "<group>"; };
		5C60CEB427F4CAFF0007774A /* Cocktail.swift */ = {isa = PBXFileReference; lastKnownFileType = sourcecode.swift; path = Cocktail.swift; sourceTree = "<group>"; };
		5C60CEB827F598170007774A /* CloudCellViewModel.swift */ = {isa = PBXFileReference; lastKnownFileType = sourcecode.swift; path = CloudCellViewModel.swift; sourceTree = "<group>"; };
		5C60CEBA27F5A1DE0007774A /* StartViewControllerViewModel.swift */ = {isa = PBXFileReference; lastKnownFileType = sourcecode.swift; path = StartViewControllerViewModel.swift; sourceTree = "<group>"; };
		5CBA78EA27FC8B8600D8173E /* CustomTextField.swift */ = {isa = PBXFileReference; lastKnownFileType = sourcecode.swift; path = CustomTextField.swift; sourceTree = "<group>"; };
/* End PBXFileReference section */

/* Begin PBXFrameworksBuildPhase section */
		5C4D52EA28006A520050075A /* Frameworks */ = {
			isa = PBXFrameworksBuildPhase;
			buildActionMask = 2147483647;
			files = (
			);
			runOnlyForDeploymentPostprocessing = 0;
		};
		5C60CE8C27F47B990007774A /* Frameworks */ = {
			isa = PBXFrameworksBuildPhase;
			buildActionMask = 2147483647;
			files = (
				5C60CEAB27F47F0D0007774A /* SnapKit in Frameworks */,
				5C60CEB227F4C7060007774A /* Alamofire in Frameworks */,
			);
			runOnlyForDeploymentPostprocessing = 0;
		};
/* End PBXFrameworksBuildPhase section */

/* Begin PBXGroup section */
		5C4D52E827FF268A0050075A /* Extensions */ = {
			isa = PBXGroup;
			children = (
				5C4D52E627FF0E4B0050075A /* Extension + UIView.swift */,
				5C4D52F62800838B0050075A /* Extension + UIViewController.swift */,
			);
			path = Extensions;
			sourceTree = "<group>";
		};
		5C4D52EE28006A520050075A /* CocktailsAppTests */ = {
			isa = PBXGroup;
			children = (
				5C4D52EF28006A520050075A /* StartViewModelTests.swift */,
			);
			path = CocktailsAppTests;
			sourceTree = "<group>";
		};
		5C60CE8627F47B990007774A = {
			isa = PBXGroup;
			children = (
				5C60CE9127F47B990007774A /* CocktailsApp */,
				5C4D52EE28006A520050075A /* CocktailsAppTests */,
				5C60CE9027F47B990007774A /* Products */,
			);
			sourceTree = "<group>";
		};
		5C60CE9027F47B990007774A /* Products */ = {
			isa = PBXGroup;
			children = (
				5C60CE8F27F47B990007774A /* CocktailsApp.app */,
				5C4D52ED28006A520050075A /* CocktailsAppTests.xctest */,
			);
			name = Products;
			sourceTree = "<group>";
		};
		5C60CE9127F47B990007774A /* CocktailsApp */ = {
			isa = PBXGroup;
			children = (
				5C60CEA627F47CEA0007774A /* Configs */,
				5C60CEA727F47CF10007774A /* ViewControllers */,
				5C60CEB727F5980D0007774A /* CloudCell */,
				5C60CEA827F47CFC0007774A /* Sources */,
				5C60CEB327F4CAF10007774A /* Services */,
				5C60CEB627F4CB090007774A /* Models */,
				5CBA790E27FDC9AB00D8173E /* CustomViews */,
				5C4D52E827FF268A0050075A /* Extensions */,
			);
			path = CocktailsApp;
			sourceTree = "<group>";
		};
		5C60CEA627F47CEA0007774A /* Configs */ = {
			isa = PBXGroup;
			children = (
				5C60CE9227F47B990007774A /* AppDelegate.swift */,
				5C60CE9427F47B990007774A /* SceneDelegate.swift */,
				5C60CEA027F47B9A0007774A /* Info.plist */,
			);
			path = Configs;
			sourceTree = "<group>";
		};
		5C60CEA727F47CF10007774A /* ViewControllers */ = {
			isa = PBXGroup;
			children = (
				5C60CEBC27F5A1E80007774A /* StartViewController */,
			);
			path = ViewControllers;
			sourceTree = "<group>";
		};
		5C60CEA827F47CFC0007774A /* Sources */ = {
			isa = PBXGroup;
			children = (
				5C60CE9B27F47B9A0007774A /* Assets.xcassets */,
			);
			path = Sources;
			sourceTree = "<group>";
		};
		5C60CEB327F4CAF10007774A /* Services */ = {
			isa = PBXGroup;
			children = (
				5C60CEAE27F4C4CF0007774A /* NetworkManager.swift */,
			);
			path = Services;
			sourceTree = "<group>";
		};
		5C60CEB627F4CB090007774A /* Models */ = {
			isa = PBXGroup;
			children = (
				5C60CEB427F4CAFF0007774A /* Cocktail.swift */,
			);
			path = Models;
			sourceTree = "<group>";
		};
		5C60CEB727F5980D0007774A /* CloudCell */ = {
			isa = PBXGroup;
			children = (
				5C60CEAC27F4B7FB0007774A /* CloudCell.swift */,
				5C60CEB827F598170007774A /* CloudCellViewModel.swift */,
			);
			path = CloudCell;
			sourceTree = "<group>";
		};
		5C60CEBC27F5A1E80007774A /* StartViewController */ = {
			isa = PBXGroup;
			children = (
				5C60CE9627F47B990007774A /* StartViewController.swift */,
				5C60CEBA27F5A1DE0007774A /* StartViewControllerViewModel.swift */,
			);
			path = StartViewController;
			sourceTree = "<group>";
		};
		5CBA790E27FDC9AB00D8173E /* CustomViews */ = {
			isa = PBXGroup;
			children = (
				5CBA78EA27FC8B8600D8173E /* CustomTextField.swift */,
				5C4D52E227FEFEB20050075A /* TagFlowLayout.swift */,
			);
			path = CustomViews;
			sourceTree = "<group>";
		};
/* End PBXGroup section */

/* Begin PBXNativeTarget section */
		5C4D52EC28006A520050075A /* CocktailsAppTests */ = {
			isa = PBXNativeTarget;
			buildConfigurationList = 5C4D52F328006A520050075A /* Build configuration list for PBXNativeTarget "CocktailsAppTests" */;
			buildPhases = (
				5C4D52E928006A520050075A /* Sources */,
				5C4D52EA28006A520050075A /* Frameworks */,
				5C4D52EB28006A520050075A /* Resources */,
			);
			buildRules = (
			);
			dependencies = (
				5C4D52F228006A520050075A /* PBXTargetDependency */,
			);
			name = CocktailsAppTests;
			productName = CocktailsAppTests;
			productReference = 5C4D52ED28006A520050075A /* CocktailsAppTests.xctest */;
			productType = "com.apple.product-type.bundle.unit-test";
		};
		5C60CE8E27F47B990007774A /* CocktailsApp */ = {
			isa = PBXNativeTarget;
			buildConfigurationList = 5C60CEA327F47B9A0007774A /* Build configuration list for PBXNativeTarget "CocktailsApp" */;
			buildPhases = (
				5C60CE8B27F47B990007774A /* Sources */,
				5C60CE8C27F47B990007774A /* Frameworks */,
				5C60CE8D27F47B990007774A /* Resources */,
			);
			buildRules = (
			);
			dependencies = (
			);
			name = CocktailsApp;
			packageProductDependencies = (
				5C60CEAA27F47F0D0007774A /* SnapKit */,
				5C60CEB127F4C7060007774A /* Alamofire */,
			);
			productName = CocktailsApp;
			productReference = 5C60CE8F27F47B990007774A /* CocktailsApp.app */;
			productType = "com.apple.product-type.application";
		};
/* End PBXNativeTarget section */

/* Begin PBXProject section */
		5C60CE8727F47B990007774A /* Project object */ = {
			isa = PBXProject;
			attributes = {
				BuildIndependentTargetsInParallel = 1;
				LastSwiftUpdateCheck = 1320;
				LastUpgradeCheck = 1320;
				TargetAttributes = {
					5C4D52EC28006A520050075A = {
						CreatedOnToolsVersion = 13.2.1;
						TestTargetID = 5C60CE8E27F47B990007774A;
					};
					5C60CE8E27F47B990007774A = {
						CreatedOnToolsVersion = 13.2.1;
					};
				};
			};
			buildConfigurationList = 5C60CE8A27F47B990007774A /* Build configuration list for PBXProject "CocktailsApp" */;
			compatibilityVersion = "Xcode 13.0";
			developmentRegion = en;
			hasScannedForEncodings = 0;
			knownRegions = (
				en,
				Base,
			);
			mainGroup = 5C60CE8627F47B990007774A;
			packageReferences = (
				5C60CEA927F47F0D0007774A /* XCRemoteSwiftPackageReference "SnapKit" */,
				5C60CEB027F4C7060007774A /* XCRemoteSwiftPackageReference "Alamofire" */,
			);
			productRefGroup = 5C60CE9027F47B990007774A /* Products */;
			projectDirPath = "";
			projectRoot = "";
			targets = (
				5C60CE8E27F47B990007774A /* CocktailsApp */,
				5C4D52EC28006A520050075A /* CocktailsAppTests */,
			);
		};
/* End PBXProject section */

/* Begin PBXResourcesBuildPhase section */
		5C4D52EB28006A520050075A /* Resources */ = {
			isa = PBXResourcesBuildPhase;
			buildActionMask = 2147483647;
			files = (
			);
			runOnlyForDeploymentPostprocessing = 0;
		};
		5C60CE8D27F47B990007774A /* Resources */ = {
			isa = PBXResourcesBuildPhase;
			buildActionMask = 2147483647;
			files = (
				5C60CE9C27F47B9A0007774A /* Assets.xcassets in Resources */,
			);
			runOnlyForDeploymentPostprocessing = 0;
		};
/* End PBXResourcesBuildPhase section */

/* Begin PBXSourcesBuildPhase section */
		5C4D52E928006A520050075A /* Sources */ = {
			isa = PBXSourcesBuildPhase;
			buildActionMask = 2147483647;
			files = (
				5C4D52F028006A520050075A /* StartViewModelTests.swift in Sources */,
			);
			runOnlyForDeploymentPostprocessing = 0;
		};
		5C60CE8B27F47B990007774A /* Sources */ = {
			isa = PBXSourcesBuildPhase;
			buildActionMask = 2147483647;
			files = (
				5C60CE9727F47B990007774A /* StartViewController.swift in Sources */,
				5C60CEAD27F4B7FB0007774A /* CloudCell.swift in Sources */,
				5C60CEB927F598170007774A /* CloudCellViewModel.swift in Sources */,
				5C60CEAF27F4C4CF0007774A /* NetworkManager.swift in Sources */,
				5C60CE9327F47B990007774A /* AppDelegate.swift in Sources */,
				5C4D52E327FEFEB20050075A /* TagFlowLayout.swift in Sources */,
				5C4D52F72800838B0050075A /* Extension + UIViewController.swift in Sources */,
				5C60CE9527F47B990007774A /* SceneDelegate.swift in Sources */,
				5C4D52E727FF0E4B0050075A /* Extension + UIView.swift in Sources */,
				5C60CEBB27F5A1DE0007774A /* StartViewControllerViewModel.swift in Sources */,
				5C60CEB527F4CAFF0007774A /* Cocktail.swift in Sources */,
				5CBA78EB27FC8B8600D8173E /* CustomTextField.swift in Sources */,
			);
			runOnlyForDeploymentPostprocessing = 0;
		};
/* End PBXSourcesBuildPhase section */

/* Begin PBXTargetDependency section */
		5C4D52F228006A520050075A /* PBXTargetDependency */ = {
			isa = PBXTargetDependency;
			target = 5C60CE8E27F47B990007774A /* CocktailsApp */;
			targetProxy = 5C4D52F128006A520050075A /* PBXContainerItemProxy */;
		};
/* End PBXTargetDependency section */

/* Begin XCBuildConfiguration section */
		5C4D52F428006A520050075A /* Debug */ = {
			isa = XCBuildConfiguration;
			buildSettings = {
				BUNDLE_LOADER = "$(TEST_HOST)";
				CODE_SIGN_STYLE = Automatic;
				CURRENT_PROJECT_VERSION = 1;
				DEVELOPMENT_TEAM = JC5G892K3F;
				GENERATE_INFOPLIST_FILE = YES;
				MARKETING_VERSION = 1.0;
				PRODUCT_BUNDLE_IDENTIFIER = lokolat88.com.CocktailsAppTests;
				PRODUCT_NAME = "$(TARGET_NAME)";
				SWIFT_EMIT_LOC_STRINGS = NO;
				SWIFT_VERSION = 5.0;
				TARGETED_DEVICE_FAMILY = "1,2";
				TEST_HOST = "$(BUILT_PRODUCTS_DIR)/CocktailsApp.app/CocktailsApp";
			};
			name = Debug;
		};
		5C4D52F528006A520050075A /* Release */ = {
			isa = XCBuildConfiguration;
			buildSettings = {
				BUNDLE_LOADER = "$(TEST_HOST)";
				CODE_SIGN_STYLE = Automatic;
				CURRENT_PROJECT_VERSION = 1;
				DEVELOPMENT_TEAM = JC5G892K3F;
				GENERATE_INFOPLIST_FILE = YES;
				MARKETING_VERSION = 1.0;
				PRODUCT_BUNDLE_IDENTIFIER = lokolat88.com.CocktailsAppTests;
				PRODUCT_NAME = "$(TARGET_NAME)";
				SWIFT_EMIT_LOC_STRINGS = NO;
				SWIFT_VERSION = 5.0;
				TARGETED_DEVICE_FAMILY = "1,2";
				TEST_HOST = "$(BUILT_PRODUCTS_DIR)/CocktailsApp.app/CocktailsApp";
			};
			name = Release;
		};
		5C60CEA127F47B9A0007774A /* Debug */ = {
			isa = XCBuildConfiguration;
			buildSettings = {
				ALWAYS_SEARCH_USER_PATHS = NO;
				CLANG_ANALYZER_NONNULL = YES;
				CLANG_ANALYZER_NUMBER_OBJECT_CONVERSION = YES_AGGRESSIVE;
				CLANG_CXX_LANGUAGE_STANDARD = "gnu++17";
				CLANG_CXX_LIBRARY = "libc++";
				CLANG_ENABLE_MODULES = YES;
				CLANG_ENABLE_OBJC_ARC = YES;
				CLANG_ENABLE_OBJC_WEAK = YES;
				CLANG_WARN_BLOCK_CAPTURE_AUTORELEASING = YES;
				CLANG_WARN_BOOL_CONVERSION = YES;
				CLANG_WARN_COMMA = YES;
				CLANG_WARN_CONSTANT_CONVERSION = YES;
				CLANG_WARN_DEPRECATED_OBJC_IMPLEMENTATIONS = YES;
				CLANG_WARN_DIRECT_OBJC_ISA_USAGE = YES_ERROR;
				CLANG_WARN_DOCUMENTATION_COMMENTS = YES;
				CLANG_WARN_EMPTY_BODY = YES;
				CLANG_WARN_ENUM_CONVERSION = YES;
				CLANG_WARN_INFINITE_RECURSION = YES;
				CLANG_WARN_INT_CONVERSION = YES;
				CLANG_WARN_NON_LITERAL_NULL_CONVERSION = YES;
				CLANG_WARN_OBJC_IMPLICIT_RETAIN_SELF = YES;
				CLANG_WARN_OBJC_LITERAL_CONVERSION = YES;
				CLANG_WARN_OBJC_ROOT_CLASS = YES_ERROR;
				CLANG_WARN_QUOTED_INCLUDE_IN_FRAMEWORK_HEADER = YES;
				CLANG_WARN_RANGE_LOOP_ANALYSIS = YES;
				CLANG_WARN_STRICT_PROTOTYPES = YES;
				CLANG_WARN_SUSPICIOUS_MOVE = YES;
				CLANG_WARN_UNGUARDED_AVAILABILITY = YES_AGGRESSIVE;
				CLANG_WARN_UNREACHABLE_CODE = YES;
				CLANG_WARN__DUPLICATE_METHOD_MATCH = YES;
				COPY_PHASE_STRIP = NO;
				DEBUG_INFORMATION_FORMAT = dwarf;
				ENABLE_STRICT_OBJC_MSGSEND = YES;
				ENABLE_TESTABILITY = YES;
				GCC_C_LANGUAGE_STANDARD = gnu11;
				GCC_DYNAMIC_NO_PIC = NO;
				GCC_NO_COMMON_BLOCKS = YES;
				GCC_OPTIMIZATION_LEVEL = 0;
				GCC_PREPROCESSOR_DEFINITIONS = (
					"DEBUG=1",
					"$(inherited)",
				);
				GCC_WARN_64_TO_32_BIT_CONVERSION = YES;
				GCC_WARN_ABOUT_RETURN_TYPE = YES_ERROR;
				GCC_WARN_UNDECLARED_SELECTOR = YES;
				GCC_WARN_UNINITIALIZED_AUTOS = YES_AGGRESSIVE;
				GCC_WARN_UNUSED_FUNCTION = YES;
				GCC_WARN_UNUSED_VARIABLE = YES;
				IPHONEOS_DEPLOYMENT_TARGET = 15.2;
				MTL_ENABLE_DEBUG_INFO = INCLUDE_SOURCE;
				MTL_FAST_MATH = YES;
				ONLY_ACTIVE_ARCH = YES;
				SDKROOT = iphoneos;
				SWIFT_ACTIVE_COMPILATION_CONDITIONS = DEBUG;
				SWIFT_OPTIMIZATION_LEVEL = "-Onone";
			};
			name = Debug;
		};
		5C60CEA227F47B9A0007774A /* Release */ = {
			isa = XCBuildConfiguration;
			buildSettings = {
				ALWAYS_SEARCH_USER_PATHS = NO;
				CLANG_ANALYZER_NONNULL = YES;
				CLANG_ANALYZER_NUMBER_OBJECT_CONVERSION = YES_AGGRESSIVE;
				CLANG_CXX_LANGUAGE_STANDARD = "gnu++17";
				CLANG_CXX_LIBRARY = "libc++";
				CLANG_ENABLE_MODULES = YES;
				CLANG_ENABLE_OBJC_ARC = YES;
				CLANG_ENABLE_OBJC_WEAK = YES;
				CLANG_WARN_BLOCK_CAPTURE_AUTORELEASING = YES;
				CLANG_WARN_BOOL_CONVERSION = YES;
				CLANG_WARN_COMMA = YES;
				CLANG_WARN_CONSTANT_CONVERSION = YES;
				CLANG_WARN_DEPRECATED_OBJC_IMPLEMENTATIONS = YES;
				CLANG_WARN_DIRECT_OBJC_ISA_USAGE = YES_ERROR;
				CLANG_WARN_DOCUMENTATION_COMMENTS = YES;
				CLANG_WARN_EMPTY_BODY = YES;
				CLANG_WARN_ENUM_CONVERSION = YES;
				CLANG_WARN_INFINITE_RECURSION = YES;
				CLANG_WARN_INT_CONVERSION = YES;
				CLANG_WARN_NON_LITERAL_NULL_CONVERSION = YES;
				CLANG_WARN_OBJC_IMPLICIT_RETAIN_SELF = YES;
				CLANG_WARN_OBJC_LITERAL_CONVERSION = YES;
				CLANG_WARN_OBJC_ROOT_CLASS = YES_ERROR;
				CLANG_WARN_QUOTED_INCLUDE_IN_FRAMEWORK_HEADER = YES;
				CLANG_WARN_RANGE_LOOP_ANALYSIS = YES;
				CLANG_WARN_STRICT_PROTOTYPES = YES;
				CLANG_WARN_SUSPICIOUS_MOVE = YES;
				CLANG_WARN_UNGUARDED_AVAILABILITY = YES_AGGRESSIVE;
				CLANG_WARN_UNREACHABLE_CODE = YES;
				CLANG_WARN__DUPLICATE_METHOD_MATCH = YES;
				COPY_PHASE_STRIP = NO;
				DEBUG_INFORMATION_FORMAT = "dwarf-with-dsym";
				ENABLE_NS_ASSERTIONS = NO;
				ENABLE_STRICT_OBJC_MSGSEND = YES;
				GCC_C_LANGUAGE_STANDARD = gnu11;
				GCC_NO_COMMON_BLOCKS = YES;
				GCC_WARN_64_TO_32_BIT_CONVERSION = YES;
				GCC_WARN_ABOUT_RETURN_TYPE = YES_ERROR;
				GCC_WARN_UNDECLARED_SELECTOR = YES;
				GCC_WARN_UNINITIALIZED_AUTOS = YES_AGGRESSIVE;
				GCC_WARN_UNUSED_FUNCTION = YES;
				GCC_WARN_UNUSED_VARIABLE = YES;
				IPHONEOS_DEPLOYMENT_TARGET = 15.2;
				MTL_ENABLE_DEBUG_INFO = NO;
				MTL_FAST_MATH = YES;
				SDKROOT = iphoneos;
				SWIFT_COMPILATION_MODE = wholemodule;
				SWIFT_OPTIMIZATION_LEVEL = "-O";
				VALIDATE_PRODUCT = YES;
			};
			name = Release;
		};
		5C60CEA427F47B9A0007774A /* Debug */ = {
			isa = XCBuildConfiguration;
			buildSettings = {
				ASSETCATALOG_COMPILER_APPICON_NAME = AppIcon;
				ASSETCATALOG_COMPILER_GLOBAL_ACCENT_COLOR_NAME = AccentColor;
				CODE_SIGN_STYLE = Automatic;
				CURRENT_PROJECT_VERSION = 1;
				DEVELOPMENT_TEAM = JC5G892K3F;
				GENERATE_INFOPLIST_FILE = YES;
				INFOPLIST_FILE = CocktailsApp/Configs/Info.plist;
				INFOPLIST_KEY_UIApplicationSupportsIndirectInputEvents = YES;
				INFOPLIST_KEY_UILaunchStoryboardName = LaunchScreen;
				INFOPLIST_KEY_UISupportedInterfaceOrientations_iPad = "UIInterfaceOrientationPortrait UIInterfaceOrientationPortraitUpsideDown UIInterfaceOrientationLandscapeLeft UIInterfaceOrientationLandscapeRight";
				INFOPLIST_KEY_UISupportedInterfaceOrientations_iPhone = "UIInterfaceOrientationPortrait UIInterfaceOrientationLandscapeLeft UIInterfaceOrientationLandscapeRight";
				LD_RUNPATH_SEARCH_PATHS = (
					"$(inherited)",
					"@executable_path/Frameworks",
				);
				MARKETING_VERSION = 1.0;
				PRODUCT_BUNDLE_IDENTIFIER = lokolat88.com.CocktailsApp;
				PRODUCT_NAME = "$(TARGET_NAME)";
				SWIFT_EMIT_LOC_STRINGS = YES;
				SWIFT_VERSION = 5.0;
				TARGETED_DEVICE_FAMILY = 1;
			};
			name = Debug;
		};
		5C60CEA527F47B9A0007774A /* Release */ = {
			isa = XCBuildConfiguration;
			buildSettings = {
				ASSETCATALOG_COMPILER_APPICON_NAME = AppIcon;
				ASSETCATALOG_COMPILER_GLOBAL_ACCENT_COLOR_NAME = AccentColor;
				CODE_SIGN_STYLE = Automatic;
				CURRENT_PROJECT_VERSION = 1;
				DEVELOPMENT_TEAM = JC5G892K3F;
				GENERATE_INFOPLIST_FILE = YES;
				INFOPLIST_FILE = CocktailsApp/Configs/Info.plist;
				INFOPLIST_KEY_UIApplicationSupportsIndirectInputEvents = YES;
				INFOPLIST_KEY_UILaunchStoryboardName = LaunchScreen;
				INFOPLIST_KEY_UISupportedInterfaceOrientations_iPad = "UIInterfaceOrientationPortrait UIInterfaceOrientationPortraitUpsideDown UIInterfaceOrientationLandscapeLeft UIInterfaceOrientationLandscapeRight";
				INFOPLIST_KEY_UISupportedInterfaceOrientations_iPhone = "UIInterfaceOrientationPortrait UIInterfaceOrientationLandscapeLeft UIInterfaceOrientationLandscapeRight";
				LD_RUNPATH_SEARCH_PATHS = (
					"$(inherited)",
					"@executable_path/Frameworks",
				);
				MARKETING_VERSION = 1.0;
				PRODUCT_BUNDLE_IDENTIFIER = lokolat88.com.CocktailsApp;
				PRODUCT_NAME = "$(TARGET_NAME)";
				SWIFT_EMIT_LOC_STRINGS = YES;
				SWIFT_VERSION = 5.0;
				TARGETED_DEVICE_FAMILY = 1;
			};
			name = Release;
		};
/* End XCBuildConfiguration section */

/* Begin XCConfigurationList section */
		5C4D52F328006A520050075A /* Build configuration list for PBXNativeTarget "CocktailsAppTests" */ = {
			isa = XCConfigurationList;
			buildConfigurations = (
				5C4D52F428006A520050075A /* Debug */,
				5C4D52F528006A520050075A /* Release */,
			);
			defaultConfigurationIsVisible = 0;
			defaultConfigurationName = Release;
		};
		5C60CE8A27F47B990007774A /* Build configuration list for PBXProject "CocktailsApp" */ = {
			isa = XCConfigurationList;
			buildConfigurations = (
				5C60CEA127F47B9A0007774A /* Debug */,
				5C60CEA227F47B9A0007774A /* Release */,
			);
			defaultConfigurationIsVisible = 0;
			defaultConfigurationName = Release;
		};
		5C60CEA327F47B9A0007774A /* Build configuration list for PBXNativeTarget "CocktailsApp" */ = {
			isa = XCConfigurationList;
			buildConfigurations = (
				5C60CEA427F47B9A0007774A /* Debug */,
				5C60CEA527F47B9A0007774A /* Release */,
			);
			defaultConfigurationIsVisible = 0;
			defaultConfigurationName = Release;
		};
/* End XCConfigurationList section */

/* Begin XCRemoteSwiftPackageReference section */
		5C60CEA927F47F0D0007774A /* XCRemoteSwiftPackageReference "SnapKit" */ = {
			isa = XCRemoteSwiftPackageReference;
			repositoryURL = "https://github.com/SnapKit/SnapKit.git";
			requirement = {
				kind = upToNextMajorVersion;
				minimumVersion = 5.0.0;
			};
		};
		5C60CEB027F4C7060007774A /* XCRemoteSwiftPackageReference "Alamofire" */ = {
			isa = XCRemoteSwiftPackageReference;
			repositoryURL = "https://github.com/Alamofire/Alamofire.git";
			requirement = {
				kind = upToNextMajorVersion;
				minimumVersion = 5.0.0;
			};
		};
/* End XCRemoteSwiftPackageReference section */

/* Begin XCSwiftPackageProductDependency section */
		5C60CEAA27F47F0D0007774A /* SnapKit */ = {
			isa = XCSwiftPackageProductDependency;
			package = 5C60CEA927F47F0D0007774A /* XCRemoteSwiftPackageReference "SnapKit" */;
			productName = SnapKit;
		};
		5C60CEB127F4C7060007774A /* Alamofire */ = {
			isa = XCSwiftPackageProductDependency;
			package = 5C60CEB027F4C7060007774A /* XCRemoteSwiftPackageReference "Alamofire" */;
			productName = Alamofire;
		};
/* End XCSwiftPackageProductDependency section */
	};
	rootObject = 5C60CE8727F47B990007774A /* Project object */;
}
